{
  "version": 4,
  "terraform_version": "1.10.1",
  "serial": 370,
  "lineage": "b1146d40-340c-6984-da45-a7efc2b480d5",
  "outputs": {},
  "resources": [
    {
      "module": "module.DynamoDB",
      "mode": "managed",
      "type": "aws_dynamodb_table",
      "name": "data_table",
      "provider": "provider[\"registry.terraform.io/hashicorp/aws\"]",
      "instances": [
        {
          "schema_version": 1,
          "attributes": {
            "arn": "arn:aws:dynamodb:us-east-1:222634404358:table/datatable",
            "attribute": [
              {
                "name": "email",
                "type": "S"
              }
            ],
            "billing_mode": "PAY_PER_REQUEST",
            "deletion_protection_enabled": false,
            "global_secondary_index": [],
            "hash_key": "email",
            "id": "datatable",
            "import_table": [],
            "local_secondary_index": [],
            "name": "datatable",
            "on_demand_throughput": [],
            "point_in_time_recovery": [
              {
                "enabled": false
              }
            ],
            "range_key": null,
            "read_capacity": 0,
            "replica": [],
            "restore_date_time": null,
            "restore_source_name": null,
            "restore_source_table_arn": null,
            "restore_to_latest_time": null,
            "server_side_encryption": [],
            "stream_arn": "",
            "stream_enabled": false,
            "stream_label": "",
            "stream_view_type": "",
            "table_class": "STANDARD",
            "tags": {
              "Environment": "dev",
              "Name": "datatable"
            },
            "tags_all": {
              "Environment": "dev",
              "Name": "datatable"
            },
            "timeouts": null,
            "ttl": [
              {
                "attribute_name": "",
                "enabled": false
              }
            ],
            "write_capacity": 0
          },
          "sensitive_attributes": [],
          "private": "eyJlMmJmYjczMC1lY2FhLTExZTYtOGY4OC0zNDM2M2JjN2M0YzAiOnsiY3JlYXRlIjoxODAwMDAwMDAwMDAwLCJkZWxldGUiOjYwMDAwMDAwMDAwMCwidXBkYXRlIjozNjAwMDAwMDAwMDAwfSwic2NoZW1hX3ZlcnNpb24iOiIxIn0="
        }
      ]
    },
    {
      "module": "module.IAM",
      "mode": "managed",
      "type": "aws_iam_policy",
      "name": "lambda_execution_policy",
      "provider": "provider[\"registry.terraform.io/hashicorp/aws\"]",
      "instances": [
        {
          "schema_version": 0,
          "attributes": {
            "arn": "arn:aws:iam::222634404358:policy/AWSLambdaBasicExecutionPolicy-demo",
            "attachment_count": 0,
            "description": "Custom Lambda execution policy with basic permissions",
            "id": "arn:aws:iam::222634404358:policy/AWSLambdaBasicExecutionPolicy-demo",
            "name": "AWSLambdaBasicExecutionPolicy-demo",
            "name_prefix": "",
            "path": "/",
            "policy": "{\"Statement\":[{\"Action\":\"logs:CreateLogGroup\",\"Effect\":\"Allow\",\"Resource\":\"arn:aws:logs:us-east-1:222634404358:*\"},{\"Action\":[\"logs:CreateLogStream\",\"logs:PutLogEvents\"],\"Effect\":\"Allow\",\"Resource\":[\"arn:aws:logs:us-east-1:222634404358:log-group:/aws/lambda/demo:*\"]}],\"Version\":\"2012-10-17\"}",
            "policy_id": "ANPATHVQLNIDOP4CURNBC",
            "tags": null,
            "tags_all": {}
          },
          "sensitive_attributes": [],
          "private": "bnVsbA=="
        }
      ]
    },
    {
      "module": "module.IAM",
      "mode": "managed",
      "type": "aws_iam_role",
      "name": "demo_role",
      "provider": "provider[\"registry.terraform.io/hashicorp/aws\"]",
      "instances": [
        {
          "schema_version": 0,
          "attributes": {
            "arn": "arn:aws:iam::222634404358:role/demo-role",
            "assume_role_policy": "{\"Statement\":[{\"Action\":\"sts:AssumeRole\",\"Effect\":\"Allow\",\"Principal\":{\"Service\":\"lambda.amazonaws.com\"}}],\"Version\":\"2012-10-17\"}",
            "create_date": "2025-01-06T15:18:23Z",
            "description": "",
            "force_detach_policies": false,
            "id": "demo-role",
            "inline_policy": [],
            "managed_policy_arns": [],
            "max_session_duration": 3600,
            "name": "demo-role",
            "name_prefix": "",
            "path": "/",
            "permissions_boundary": "",
            "tags": null,
            "tags_all": {},
            "unique_id": "AROATHVQLNIDLYXWJD5VV"
          },
          "sensitive_attributes": [],
          "private": "bnVsbA=="
        }
      ]
    },
    {
      "module": "module.IAM",
      "mode": "managed",
      "type": "aws_iam_role_policy_attachment",
      "name": "dynamodb_full_access",
      "provider": "provider[\"registry.terraform.io/hashicorp/aws\"]",
      "instances": [
        {
          "schema_version": 0,
          "attributes": {
            "id": "demo-role-20250106151825893600000001",
            "policy_arn": "arn:aws:iam::aws:policy/AmazonDynamoDBFullAccess",
            "role": "demo-role"
          },
          "sensitive_attributes": [],
          "private": "bnVsbA==",
          "dependencies": [
            "module.IAM.aws_iam_role.demo_role"
          ]
        }
      ]
    },
    {
      "module": "module.IAM",
      "mode": "managed",
      "type": "aws_iam_role_policy_attachment",
      "name": "lambda_execution_policy_attachment",
      "provider": "provider[\"registry.terraform.io/hashicorp/aws\"]",
      "instances": [
        {
          "schema_version": 0,
          "attributes": {
            "id": "demo-role-20250106151825893600000002",
            "policy_arn": "arn:aws:iam::222634404358:policy/AWSLambdaBasicExecutionPolicy-demo",
            "role": "demo-role"
          },
          "sensitive_attributes": [],
          "private": "bnVsbA==",
          "dependencies": [
            "module.IAM.aws_iam_policy.lambda_execution_policy",
            "module.IAM.aws_iam_role.demo_role"
          ]
        }
      ]
    },
    {
      "module": "module.apigateway",
      "mode": "managed",
      "type": "aws_api_gateway_deployment",
      "name": "data_api_deployment",
      "provider": "provider[\"registry.terraform.io/hashicorp/aws\"]",
      "instances": [
        {
          "schema_version": 0,
          "attributes": {
            "canary_settings": [],
            "created_date": "2025-01-06T15:18:41Z",
            "description": "",
            "execution_arn": "arn:aws:execute-api:us-east-1:222634404358:h5y9hpq7g1/",
            "id": "9ddyi3",
            "invoke_url": "https://h5y9hpq7g1.execute-api.us-east-1.amazonaws.com/",
            "rest_api_id": "h5y9hpq7g1",
            "stage_description": null,
            "stage_name": null,
            "triggers": null,
            "variables": null
          },
          "sensitive_attributes": [],
          "private": "bnVsbA==",
          "dependencies": [
            "module.IAM.aws_iam_policy.lambda_execution_policy",
            "module.IAM.aws_iam_role.demo_role",
            "module.IAM.aws_iam_role_policy_attachment.dynamodb_full_access",
            "module.IAM.aws_iam_role_policy_attachment.lambda_execution_policy_attachment",
            "module.apigateway.aws_api_gateway_integration.get_integration",
            "module.apigateway.aws_api_gateway_integration.post_integration",
            "module.apigateway.aws_api_gateway_method.get_method",
            "module.apigateway.aws_api_gateway_method.post_method",
            "module.apigateway.aws_api_gateway_rest_api.data_api",
            "module.apigateway.aws_lambda_permission.allow_apigateway",
            "module.lambda.aws_lambda_function.Demo_lambda"
          ]
        }
      ]
    },
    {
      "module": "module.apigateway",
      "mode": "managed",
      "type": "aws_api_gateway_integration",
      "name": "get_integration",
      "provider": "provider[\"registry.terraform.io/hashicorp/aws\"]",
      "instances": [
        {
          "schema_version": 0,
          "attributes": {
            "cache_key_parameters": null,
            "cache_namespace": "l0zefll45j",
            "connection_id": "",
            "connection_type": "INTERNET",
            "content_handling": "",
            "credentials": "",
            "http_method": "GET",
            "id": "agi-h5y9hpq7g1-l0zefll45j-GET",
            "integration_http_method": "GET",
            "passthrough_behavior": "WHEN_NO_MATCH",
            "request_parameters": null,
            "request_templates": null,
            "resource_id": "l0zefll45j",
            "rest_api_id": "h5y9hpq7g1",
            "timeout_milliseconds": 29000,
            "tls_config": [],
            "type": "AWS_PROXY",
            "uri": "arn:aws:apigateway:us-east-1:lambda:path/2015-03-31/functions/arn:aws:lambda:us-east-1:222634404358:function:demofunction/invocations"
          },
          "sensitive_attributes": [],
          "private": "bnVsbA==",
          "dependencies": [
            "module.IAM.aws_iam_policy.lambda_execution_policy",
            "module.IAM.aws_iam_role.demo_role",
            "module.IAM.aws_iam_role_policy_attachment.dynamodb_full_access",
            "module.IAM.aws_iam_role_policy_attachment.lambda_execution_policy_attachment",
            "module.apigateway.aws_api_gateway_method.get_method",
            "module.apigateway.aws_api_gateway_rest_api.data_api",
            "module.lambda.aws_lambda_function.Demo_lambda"
          ]
        }
      ]
    },
    {
      "module": "module.apigateway",
      "mode": "managed",
      "type": "aws_api_gateway_integration",
      "name": "post_integration",
      "provider": "provider[\"registry.terraform.io/hashicorp/aws\"]",
      "instances": [
        {
          "schema_version": 0,
          "attributes": {
            "cache_key_parameters": null,
            "cache_namespace": "l0zefll45j",
            "connection_id": "",
            "connection_type": "INTERNET",
            "content_handling": "",
            "credentials": "",
            "http_method": "POST",
            "id": "agi-h5y9hpq7g1-l0zefll45j-POST",
            "integration_http_method": "POST",
            "passthrough_behavior": "WHEN_NO_MATCH",
            "request_parameters": null,
            "request_templates": null,
            "resource_id": "l0zefll45j",
            "rest_api_id": "h5y9hpq7g1",
            "timeout_milliseconds": 29000,
            "tls_config": [],
            "type": "AWS_PROXY",
            "uri": "arn:aws:apigateway:us-east-1:lambda:path/2015-03-31/functions/arn:aws:lambda:us-east-1:222634404358:function:demofunction/invocations"
          },
          "sensitive_attributes": [],
          "private": "bnVsbA==",
          "dependencies": [
            "module.IAM.aws_iam_policy.lambda_execution_policy",
            "module.IAM.aws_iam_role.demo_role",
            "module.IAM.aws_iam_role_policy_attachment.dynamodb_full_access",
            "module.IAM.aws_iam_role_policy_attachment.lambda_execution_policy_attachment",
            "module.apigateway.aws_api_gateway_method.post_method",
            "module.apigateway.aws_api_gateway_rest_api.data_api",
            "module.lambda.aws_lambda_function.Demo_lambda"
          ]
        }
      ]
    },
    {
      "module": "module.apigateway",
      "mode": "managed",
      "type": "aws_api_gateway_method",
      "name": "get_method",
      "provider": "provider[\"registry.terraform.io/hashicorp/aws\"]",
      "instances": [
        {
          "schema_version": 0,
          "attributes": {
            "api_key_required": false,
            "authorization": "NONE",
            "authorization_scopes": null,
            "authorizer_id": null,
            "http_method": "GET",
            "id": "agm-h5y9hpq7g1-l0zefll45j-GET",
            "operation_name": null,
            "request_models": null,
            "request_parameters": null,
            "request_validator_id": null,
            "resource_id": "l0zefll45j",
            "rest_api_id": "h5y9hpq7g1"
          },
          "sensitive_attributes": [],
          "private": "bnVsbA==",
          "dependencies": [
            "module.IAM.aws_iam_policy.lambda_execution_policy",
            "module.IAM.aws_iam_role.demo_role",
            "module.IAM.aws_iam_role_policy_attachment.dynamodb_full_access",
            "module.IAM.aws_iam_role_policy_attachment.lambda_execution_policy_attachment",
            "module.apigateway.aws_api_gateway_rest_api.data_api",
            "module.lambda.aws_lambda_function.Demo_lambda"
          ]
        }
      ]
    },
    {
      "module": "module.apigateway",
      "mode": "managed",
      "type": "aws_api_gateway_method",
      "name": "post_method",
      "provider": "provider[\"registry.terraform.io/hashicorp/aws\"]",
      "instances": [
        {
          "schema_version": 0,
          "attributes": {
            "api_key_required": false,
            "authorization": "NONE",
            "authorization_scopes": null,
            "authorizer_id": null,
            "http_method": "POST",
            "id": "agm-h5y9hpq7g1-l0zefll45j-POST",
            "operation_name": null,
            "request_models": null,
            "request_parameters": null,
            "request_validator_id": null,
            "resource_id": "l0zefll45j",
            "rest_api_id": "h5y9hpq7g1"
          },
          "sensitive_attributes": [],
          "private": "bnVsbA==",
          "dependencies": [
            "module.IAM.aws_iam_policy.lambda_execution_policy",
            "module.IAM.aws_iam_role.demo_role",
            "module.IAM.aws_iam_role_policy_attachment.dynamodb_full_access",
            "module.IAM.aws_iam_role_policy_attachment.lambda_execution_policy_attachment",
            "module.apigateway.aws_api_gateway_rest_api.data_api",
            "module.lambda.aws_lambda_function.Demo_lambda"
          ]
        }
      ]
    },
    {
      "module": "module.apigateway",
      "mode": "managed",
      "type": "aws_api_gateway_rest_api",
      "name": "data_api",
      "provider": "provider[\"registry.terraform.io/hashicorp/aws\"]",
      "instances": [
        {
          "schema_version": 0,
          "attributes": {
            "api_key_source": "HEADER",
            "arn": "arn:aws:apigateway:us-east-1::/restapis/h5y9hpq7g1",
            "binary_media_types": [],
            "body": null,
            "created_date": "2025-01-06T15:18:39Z",
            "description": "API for Data Insert and Fetch operations",
            "disable_execute_api_endpoint": false,
            "endpoint_configuration": [
              {
                "types": [
                  "REGIONAL"
                ],
                "vpc_endpoint_ids": []
              }
            ],
            "execution_arn": "arn:aws:execute-api:us-east-1:222634404358:h5y9hpq7g1",
            "fail_on_warnings": null,
            "id": "h5y9hpq7g1",
            "minimum_compression_size": "",
            "name": "dataapi",
            "parameters": null,
            "policy": "",
            "put_rest_api_mode": null,
            "root_resource_id": "l0zefll45j",
            "tags": null,
            "tags_all": {}
          },
          "sensitive_attributes": [],
          "private": "bnVsbA==",
          "dependencies": [
            "module.IAM.aws_iam_policy.lambda_execution_policy",
            "module.IAM.aws_iam_role.demo_role",
            "module.IAM.aws_iam_role_policy_attachment.dynamodb_full_access",
            "module.IAM.aws_iam_role_policy_attachment.lambda_execution_policy_attachment",
            "module.lambda.aws_lambda_function.Demo_lambda"
          ]
        }
      ]
    },
    {
      "module": "module.apigateway",
      "mode": "managed",
      "type": "aws_api_gateway_stage",
      "name": "data_api_stage",
      "provider": "provider[\"registry.terraform.io/hashicorp/aws\"]",
      "instances": [
        {
          "schema_version": 0,
          "attributes": {
            "access_log_settings": [],
            "arn": "arn:aws:apigateway:us-east-1::/restapis/h5y9hpq7g1/stages/dev",
            "cache_cluster_enabled": false,
            "cache_cluster_size": "",
            "canary_settings": [],
            "client_certificate_id": "",
            "deployment_id": "9ddyi3",
            "description": "",
            "documentation_version": "",
            "execution_arn": "arn:aws:execute-api:us-east-1:222634404358:h5y9hpq7g1/dev",
            "id": "ags-h5y9hpq7g1-dev",
            "invoke_url": "https://h5y9hpq7g1.execute-api.us-east-1.amazonaws.com/dev",
            "rest_api_id": "h5y9hpq7g1",
            "stage_name": "dev",
            "tags": null,
            "tags_all": {},
            "variables": null,
            "web_acl_arn": "",
            "xray_tracing_enabled": false
          },
          "sensitive_attributes": [],
          "private": "bnVsbA==",
          "dependencies": [
            "module.IAM.aws_iam_policy.lambda_execution_policy",
            "module.IAM.aws_iam_role.demo_role",
            "module.IAM.aws_iam_role_policy_attachment.dynamodb_full_access",
            "module.IAM.aws_iam_role_policy_attachment.lambda_execution_policy_attachment",
            "module.apigateway.aws_api_gateway_deployment.data_api_deployment",
            "module.apigateway.aws_api_gateway_integration.get_integration",
            "module.apigateway.aws_api_gateway_integration.post_integration",
            "module.apigateway.aws_api_gateway_method.get_method",
            "module.apigateway.aws_api_gateway_method.post_method",
            "module.apigateway.aws_api_gateway_rest_api.data_api",
            "module.apigateway.aws_lambda_permission.allow_apigateway",
            "module.lambda.aws_lambda_function.Demo_lambda"
          ]
        }
      ]
    },
    {
      "module": "module.apigateway",
      "mode": "managed",
      "type": "aws_lambda_permission",
      "name": "allow_apigateway",
      "provider": "provider[\"registry.terraform.io/hashicorp/aws\"]",
      "instances": [
        {
          "schema_version": 0,
          "attributes": {
            "action": "lambda:InvokeFunction",
            "event_source_token": null,
            "function_name": "arn:aws:lambda:us-east-1:222634404358:function:demofunction",
            "function_url_auth_type": null,
            "id": "AllowAPIGatewayInvoke",
            "principal": "apigateway.amazonaws.com",
            "principal_org_id": null,
            "qualifier": "",
            "source_account": null,
            "source_arn": null,
            "statement_id": "AllowAPIGatewayInvoke",
            "statement_id_prefix": ""
          },
          "sensitive_attributes": [],
          "private": "bnVsbA==",
          "dependencies": [
            "module.IAM.aws_iam_policy.lambda_execution_policy",
            "module.IAM.aws_iam_role.demo_role",
            "module.IAM.aws_iam_role_policy_attachment.dynamodb_full_access",
            "module.IAM.aws_iam_role_policy_attachment.lambda_execution_policy_attachment",
            "module.lambda.aws_lambda_function.Demo_lambda"
          ]
        }
      ]
    },
    {
      "module": "module.lambda",
      "mode": "managed",
      "type": "aws_lambda_function",
      "name": "Demo_lambda",
      "provider": "provider[\"registry.terraform.io/hashicorp/aws\"]",
      "instances": [
        {
          "schema_version": 0,
          "attributes": {
            "architectures": [
              "x86_64"
            ],
            "arn": "arn:aws:lambda:us-east-1:222634404358:function:demofunction",
            "code_sha256": "XiOZJ9es2CbrTSwMhkLerBxByCuxMELqJ0MoyI+laAU=",
            "code_signing_config_arn": "",
            "dead_letter_config": [],
            "description": "",
            "environment": [],
            "ephemeral_storage": [
              {
                "size": 512
              }
            ],
            "file_system_config": [],
            "filename": "./lambda/lambda_function.zip",
            "function_name": "demofunction",
            "handler": "lambda_function.lambda_handler",
            "id": "demofunction",
            "image_config": [],
            "image_uri": "",
            "invoke_arn": "arn:aws:apigateway:us-east-1:lambda:path/2015-03-31/functions/arn:aws:lambda:us-east-1:222634404358:function:demofunction/invocations",
            "kms_key_arn": "",
            "last_modified": "2025-01-06T15:18:30.371+0000",
            "layers": null,
            "logging_config": [
              {
                "application_log_level": "",
                "log_format": "Text",
                "log_group": "/aws/lambda/demofunction",
                "system_log_level": ""
              }
            ],
            "memory_size": 128,
            "package_type": "Zip",
            "publish": false,
            "qualified_arn": "arn:aws:lambda:us-east-1:222634404358:function:demofunction:$LATEST",
            "qualified_invoke_arn": "arn:aws:apigateway:us-east-1:lambda:path/2015-03-31/functions/arn:aws:lambda:us-east-1:222634404358:function:demofunction:$LATEST/invocations",
            "replace_security_groups_on_destroy": null,
            "replacement_security_group_ids": null,
            "reserved_concurrent_executions": -1,
            "role": "arn:aws:iam::222634404358:role/demo-role",
            "runtime": "python3.13",
            "s3_bucket": null,
            "s3_key": null,
            "s3_object_version": null,
            "signing_job_arn": "",
            "signing_profile_version_arn": "",
            "skip_destroy": false,
            "snap_start": [],
            "source_code_hash": "",
            "source_code_size": 3724,
            "tags": null,
            "tags_all": {},
            "timeout": 3,
            "timeouts": null,
            "tracing_config": [
              {
                "mode": "PassThrough"
              }
            ],
            "version": "$LATEST",
            "vpc_config": []
          },
          "sensitive_attributes": [],
          "private": "eyJlMmJmYjczMC1lY2FhLTExZTYtOGY4OC0zNDM2M2JjN2M0YzAiOnsiY3JlYXRlIjo2MDAwMDAwMDAwMDAsImRlbGV0ZSI6NjAwMDAwMDAwMDAwLCJ1cGRhdGUiOjYwMDAwMDAwMDAwMH19",
          "dependencies": [
            "module.IAM.aws_iam_policy.lambda_execution_policy",
            "module.IAM.aws_iam_role.demo_role",
            "module.IAM.aws_iam_role_policy_attachment.dynamodb_full_access",
            "module.IAM.aws_iam_role_policy_attachment.lambda_execution_policy_attachment"
          ]
        }
      ]
    }
  ],
  "check_results": null
}
